
Microsoft Visual Studio Solution File, Format Version 12.00
# Visual Studio Version 17
VisualStudioVersion = 17.2.32526.322
MinimumVisualStudioVersion = 10.0.40219.1
Project("{FAE04EC0-301F-11D3-BF4B-00C04F79EFBC}") = "NarExtensions", "NarExtensions\NarExtensions.csproj", "{4F4CAEF0-4B59-46B6-9FAD-73735591BDB2}"
EndProject
Global
	GlobalSection(SolutionConfigurationPlatforms) = preSolution
		Debug|Any CPU = Debug|Any CPU
		Release|Any CPU = Release|Any CPU
	EndGlobalSection
	GlobalSection(ProjectConfigurationPlatforms) = postSolution
		{4F4CAEF0-4B59-46B6-9FAD-73735591BDB2}.Debug|Any CPU.ActiveCfg = Debug|Any CPU
		{4F4CAEF0-4B59-46B6-9FAD-73735591BDB2}.Debug|Any CPU.Build.0 = Debug|Any CPU
		{4F4CAEF0-4B59-46B6-9FAD-73735591BDB2}.Release|Any CPU.ActiveCfg = Release|Any CPU
		{4F4CAEF0-4B59-46B6-9FAD-73735591BDB2}.Release|Any CPU.Build.0 = Release|Any CPU
	EndGlobalSection
	GlobalSection(SolutionProperties) = preSolution
		HideSolutionNode = FALSE
	EndGlobalSection
	GlobalSection(ExtensibilityGlobals) = postSolution
		SolutionGuid = {827E871C-D94F-4DA2-A641-5C0D010576C6}
	EndGlobalSection
EndGlobal
