
Microsoft Visual Studio Solution File, Format Version 12.00
# Visual Studio Version 16
VisualStudioVersion = 16.0.30114.105
MinimumVisualStudioVersion = 10.0.40219.1
Project("{FAE04EC0-301F-11D3-BF4B-00C04F79EFBC}") = "NarLib", "NarLib\NarLib.csproj", "{901A4D1E-B487-4918-AEC5-E47563900188}"
EndProject
Project("{FAE04EC0-301F-11D3-BF4B-00C04F79EFBC}") = "NarExtensions", "NarExtensions\NarExtensions.csproj", "{5B2A3E3E-5927-4734-BEBB-FACAA3144837}"
EndProject
Global
	GlobalSection(SolutionConfigurationPlatforms) = preSolution
		Debug|Any CPU = Debug|Any CPU
		Debug|x64 = Debug|x64
		Debug|x86 = Debug|x86
		Release|Any CPU = Release|Any CPU
		Release|x64 = Release|x64
		Release|x86 = Release|x86
	EndGlobalSection
	GlobalSection(SolutionProperties) = preSolution
		HideSolutionNode = FALSE
	EndGlobalSection
	GlobalSection(ProjectConfigurationPlatforms) = postSolution
		{901A4D1E-B487-4918-AEC5-E47563900188}.Debug|Any CPU.ActiveCfg = Debug|Any CPU
		{901A4D1E-B487-4918-AEC5-E47563900188}.Debug|Any CPU.Build.0 = Debug|Any CPU
		{901A4D1E-B487-4918-AEC5-E47563900188}.Debug|x64.ActiveCfg = Debug|Any CPU
		{901A4D1E-B487-4918-AEC5-E47563900188}.Debug|x64.Build.0 = Debug|Any CPU
		{901A4D1E-B487-4918-AEC5-E47563900188}.Debug|x86.ActiveCfg = Debug|Any CPU
		{901A4D1E-B487-4918-AEC5-E47563900188}.Debug|x86.Build.0 = Debug|Any CPU
		{901A4D1E-B487-4918-AEC5-E47563900188}.Release|Any CPU.ActiveCfg = Release|Any CPU
		{901A4D1E-B487-4918-AEC5-E47563900188}.Release|Any CPU.Build.0 = Release|Any CPU
		{901A4D1E-B487-4918-AEC5-E47563900188}.Release|x64.ActiveCfg = Release|Any CPU
		{901A4D1E-B487-4918-AEC5-E47563900188}.Release|x64.Build.0 = Release|Any CPU
		{901A4D1E-B487-4918-AEC5-E47563900188}.Release|x86.ActiveCfg = Release|Any CPU
		{901A4D1E-B487-4918-AEC5-E47563900188}.Release|x86.Build.0 = Release|Any CPU
		{5B2A3E3E-5927-4734-BEBB-FACAA3144837}.Debug|Any CPU.ActiveCfg = Debug|Any CPU
		{5B2A3E3E-5927-4734-BEBB-FACAA3144837}.Debug|Any CPU.Build.0 = Debug|Any CPU
		{5B2A3E3E-5927-4734-BEBB-FACAA3144837}.Debug|x64.ActiveCfg = Debug|Any CPU
		{5B2A3E3E-5927-4734-BEBB-FACAA3144837}.Debug|x64.Build.0 = Debug|Any CPU
		{5B2A3E3E-5927-4734-BEBB-FACAA3144837}.Debug|x86.ActiveCfg = Debug|Any CPU
		{5B2A3E3E-5927-4734-BEBB-FACAA3144837}.Debug|x86.Build.0 = Debug|Any CPU
		{5B2A3E3E-5927-4734-BEBB-FACAA3144837}.Release|Any CPU.ActiveCfg = Release|Any CPU
		{5B2A3E3E-5927-4734-BEBB-FACAA3144837}.Release|Any CPU.Build.0 = Release|Any CPU
		{5B2A3E3E-5927-4734-BEBB-FACAA3144837}.Release|x64.ActiveCfg = Release|Any CPU
		{5B2A3E3E-5927-4734-BEBB-FACAA3144837}.Release|x64.Build.0 = Release|Any CPU
		{5B2A3E3E-5927-4734-BEBB-FACAA3144837}.Release|x86.ActiveCfg = Release|Any CPU
		{5B2A3E3E-5927-4734-BEBB-FACAA3144837}.Release|x86.Build.0 = Release|Any CPU
	EndGlobalSection
EndGlobal
